
Microsoft Visual Studio Solution File, Format Version 12.00
# Visual Studio Version 17
VisualStudioVersion = 17.14.36310.24 d17.14
MinimumVisualStudioVersion = 10.0.40219.1
Project("{888888A0-9F3D-457C-B088-3A5042F75D52}") = "Car_Sales", "Car_Sales.pyproj", "{D06F04A8-6885-4665-A9F0-0A94A244B822}"
EndProject
Global
	GlobalSection(SolutionConfigurationPlatforms) = preSolution
		Debug|Any CPU = Debug|Any CPU
		Release|Any CPU = Release|Any CPU
	EndGlobalSection
	GlobalSection(ProjectConfigurationPlatforms) = postSolution
		{D06F04A8-6885-4665-A9F0-0A94A244B822}.Debug|Any CPU.ActiveCfg = Debug|Any CPU
		{D06F04A8-6885-4665-A9F0-0A94A244B822}.Debug|Any CPU.Build.0 = Debug|Any CPU
		{D06F04A8-6885-4665-A9F0-0A94A244B822}.Release|Any CPU.ActiveCfg = Release|Any CPU
		{D06F04A8-6885-4665-A9F0-0A94A244B822}.Release|Any CPU.Build.0 = Release|Any CPU
	EndGlobalSection
	GlobalSection(SolutionProperties) = preSolution
		HideSolutionNode = FALSE
	EndGlobalSection
	GlobalSection(ExtensibilityGlobals) = postSolution
		SolutionGuid = {60026CF1-1E6A-4D40-B7C7-A81D9F430677}
	EndGlobalSection
EndGlobal
